// !$*UTF8*$!
{
	archiveVersion = 1;
	classes = {
	};
	objectVersion = 56;
	objects = {

/* Begin PBXBuildFile section */
		373A43D2299B1141004A2685 /* MapView.swift in Sources */ = {isa = PBXBuildFile; fileRef = 373A43D1299B1141004A2685 /* MapView.swift */; };
		373A43D6299C40CC004A2685 /* Landmark.swift in Sources */ = {isa = PBXBuildFile; fileRef = 373A43D5299C40CC004A2685 /* Landmark.swift */; };
		37C650C12999A088006032C1 /* RentFreeAppApp.swift in Sources */ = {isa = PBXBuildFile; fileRef = 37C650C02999A088006032C1 /* RentFreeAppApp.swift */; };
		37C650C32999A088006032C1 /* Search.swift in Sources */ = {isa = PBXBuildFile; fileRef = 37C650C22999A088006032C1 /* Search.swift */; };
		37C650C52999A089006032C1 /* Assets.xcassets in Resources */ = {isa = PBXBuildFile; fileRef = 37C650C42999A089006032C1 /* Assets.xcassets */; };
		37C650C82999A089006032C1 /* Preview Assets.xcassets in Resources */ = {isa = PBXBuildFile; fileRef = 37C650C72999A089006032C1 /* Preview Assets.xcassets */; };
		37C650D22999A089006032C1 /* RentFreeAppTests.swift in Sources */ = {isa = PBXBuildFile; fileRef = 37C650D12999A089006032C1 /* RentFreeAppTests.swift */; };
		37C650DC2999A089006032C1 /* RentFreeAppUITests.swift in Sources */ = {isa = PBXBuildFile; fileRef = 37C650DB2999A089006032C1 /* RentFreeAppUITests.swift */; };
		37C650DE2999A089006032C1 /* RentFreeAppUITestsLaunchTests.swift in Sources */ = {isa = PBXBuildFile; fileRef = 37C650DD2999A089006032C1 /* RentFreeAppUITestsLaunchTests.swift */; };
/* End PBXBuildFile section */

/* Begin PBXContainerItemProxy section */
		37C650CE2999A089006032C1 /* PBXContainerItemProxy */ = {
			isa = PBXContainerItemProxy;
			containerPortal = 37C650B52999A088006032C1 /* Project object */;
			proxyType = 1;
			remoteGlobalIDString = 37C650BC2999A088006032C1;
			remoteInfo = RentFreeApp;
		};
		37C650D82999A089006032C1 /* PBXContainerItemProxy */ = {
			isa = PBXContainerItemProxy;
			containerPortal = 37C650B52999A088006032C1 /* Project object */;
			proxyType = 1;
			remoteGlobalIDString = 37C650BC2999A088006032C1;
			remoteInfo = RentFreeApp;
		};
/* End PBXContainerItemProxy section */

/* Begin PBXFileReference section */
		373A43D1299B1141004A2685 /* MapView.swift */ = {isa = PBXFileReference; lastKnownFileType = sourcecode.swift; path = MapView.swift; sourceTree = "<group>"; };
		373A43D5299C40CC004A2685 /* Landmark.swift */ = {isa = PBXFileReference; lastKnownFileType = sourcecode.swift; path = Landmark.swift; sourceTree = "<group>"; };
		37C650BD2999A088006032C1 /* RentFreeApp.app */ = {isa = PBXFileReference; explicitFileType = wrapper.application; includeInIndex = 0; path = RentFreeApp.app; sourceTree = BUILT_PRODUCTS_DIR; };
		37C650C02999A088006032C1 /* RentFreeAppApp.swift */ = {isa = PBXFileReference; lastKnownFileType = sourcecode.swift; path = RentFreeAppApp.swift; sourceTree = "<group>"; };
		37C650C22999A088006032C1 /* Search.swift */ = {isa = PBXFileReference; lastKnownFileType = sourcecode.swift; path = Search.swift; sourceTree = "<group>"; };
		37C650C42999A089006032C1 /* Assets.xcassets */ = {isa = PBXFileReference; lastKnownFileType = folder.assetcatalog; path = Assets.xcassets; sourceTree = "<group>"; };
		37C650C72999A089006032C1 /* Preview Assets.xcassets */ = {isa = PBXFileReference; lastKnownFileType = folder.assetcatalog; path = "Preview Assets.xcassets"; sourceTree = "<group>"; };
		37C650CD2999A089006032C1 /* RentFreeAppTests.xctest */ = {isa = PBXFileReference; explicitFileType = wrapper.cfbundle; includeInIndex = 0; path = RentFreeAppTests.xctest; sourceTree = BUILT_PRODUCTS_DIR; };
		37C650D12999A089006032C1 /* RentFreeAppTests.swift */ = {isa = PBXFileReference; lastKnownFileType = sourcecode.swift; path = RentFreeAppTests.swift; sourceTree = "<group>"; };
		37C650D72999A089006032C1 /* RentFreeAppUITests.xctest */ = {isa = PBXFileReference; explicitFileType = wrapper.cfbundle; includeInIndex = 0; path = RentFreeAppUITests.xctest; sourceTree = BUILT_PRODUCTS_DIR; };
		37C650DB2999A089006032C1 /* RentFreeAppUITests.swift */ = {isa = PBXFileReference; lastKnownFileType = sourcecode.swift; path = RentFreeAppUITests.swift; sourceTree = "<group>"; };
		37C650DD2999A089006032C1 /* RentFreeAppUITestsLaunchTests.swift */ = {isa = PBXFileReference; lastKnownFileType = sourcecode.swift; path = RentFreeAppUITestsLaunchTests.swift; sourceTree = "<group>"; };
/* End PBXFileReference section */

/* Begin PBXFrameworksBuildPhase section */
		37C650BA2999A088006032C1 /* Frameworks */ = {
			isa = PBXFrameworksBuildPhase;
			buildActionMask = 2147483647;
			files = (
			);
			runOnlyForDeploymentPostprocessing = 0;
		};
		37C650CA2999A089006032C1 /* Frameworks */ = {
			isa = PBXFrameworksBuildPhase;
			buildActionMask = 2147483647;
			files = (
			);
			runOnlyForDeploymentPostprocessing = 0;
		};
		37C650D42999A089006032C1 /* Frameworks */ = {
			isa = PBXFrameworksBuildPhase;
			buildActionMask = 2147483647;
			files = (
			);
			runOnlyForDeploymentPostprocessing = 0;
		};
/* End PBXFrameworksBuildPhase section */

/* Begin PBXGroup section */
		37C650B42999A088006032C1 = {
			isa = PBXGroup;
			children = (
				37C650BF2999A088006032C1 /* RentFreeApp */,
				37C650D02999A089006032C1 /* RentFreeAppTests */,
				37C650DA2999A089006032C1 /* RentFreeAppUITests */,
				37C650BE2999A088006032C1 /* Products */,
			);
			sourceTree = "<group>";
		};
		37C650BE2999A088006032C1 /* Products */ = {
			isa = PBXGroup;
			children = (
				37C650BD2999A088006032C1 /* RentFreeApp.app */,
				37C650CD2999A089006032C1 /* RentFreeAppTests.xctest */,
				37C650D72999A089006032C1 /* RentFreeAppUITests.xctest */,
			);
			name = Products;
			sourceTree = "<group>";
		};
		37C650BF2999A088006032C1 /* RentFreeApp */ = {
			isa = PBXGroup;
			children = (
				37C650C02999A088006032C1 /* RentFreeAppApp.swift */,
				37C650C22999A088006032C1 /* Search.swift */,
				373A43D1299B1141004A2685 /* MapView.swift */,
				373A43D5299C40CC004A2685 /* Landmark.swift */,
				37C650C42999A089006032C1 /* Assets.xcassets */,
				37C650C62999A089006032C1 /* Preview Content */,
			);
			path = RentFreeApp;
			sourceTree = "<group>";
		};
		37C650C62999A089006032C1 /* Preview Content */ = {
			isa = PBXGroup;
			children = (
				37C650C72999A089006032C1 /* Preview Assets.xcassets */,
			);
			path = "Preview Content";
			sourceTree = "<group>";
		};
		37C650D02999A089006032C1 /* RentFreeAppTests */ = {
			isa = PBXGroup;
			children = (
				37C650D12999A089006032C1 /* RentFreeAppTests.swift */,
			);
			path = RentFreeAppTests;
			sourceTree = "<group>";
		};
		37C650DA2999A089006032C1 /* RentFreeAppUITests */ = {
			isa = PBXGroup;
			children = (
				37C650DB2999A089006032C1 /* RentFreeAppUITests.swift */,
				37C650DD2999A089006032C1 /* RentFreeAppUITestsLaunchTests.swift */,
			);
			path = RentFreeAppUITests;
			sourceTree = "<group>";
		};
/* End PBXGroup section */

/* Begin PBXNativeTarget section */
		37C650BC2999A088006032C1 /* RentFreeApp */ = {
			isa = PBXNativeTarget;
			buildConfigurationList = 37C650E12999A089006032C1 /* Build configuration list for PBXNativeTarget "RentFreeApp" */;
			buildPhases = (
				37C650B92999A088006032C1 /* Sources */,
				37C650BA2999A088006032C1 /* Frameworks */,
				37C650BB2999A088006032C1 /* Resources */,
			);
			buildRules = (
			);
			dependencies = (
			);
			name = RentFreeApp;
			productName = RentFreeApp;
			productReference = 37C650BD2999A088006032C1 /* RentFreeApp.app */;
			productType = "com.apple.product-type.application";
		};
		37C650CC2999A089006032C1 /* RentFreeAppTests */ = {
			isa = PBXNativeTarget;
			buildConfigurationList = 37C650E42999A089006032C1 /* Build configuration list for PBXNativeTarget "RentFreeAppTests" */;
			buildPhases = (
				37C650C92999A089006032C1 /* Sources */,
				37C650CA2999A089006032C1 /* Frameworks */,
				37C650CB2999A089006032C1 /* Resources */,
			);
			buildRules = (
			);
			dependencies = (
				37C650CF2999A089006032C1 /* PBXTargetDependency */,
			);
			name = RentFreeAppTests;
			productName = RentFreeAppTests;
			productReference = 37C650CD2999A089006032C1 /* RentFreeAppTests.xctest */;
			productType = "com.apple.product-type.bundle.unit-test";
		};
		37C650D62999A089006032C1 /* RentFreeAppUITests */ = {
			isa = PBXNativeTarget;
			buildConfigurationList = 37C650E72999A089006032C1 /* Build configuration list for PBXNativeTarget "RentFreeAppUITests" */;
			buildPhases = (
				37C650D32999A089006032C1 /* Sources */,
				37C650D42999A089006032C1 /* Frameworks */,
				37C650D52999A089006032C1 /* Resources */,
			);
			buildRules = (
			);
			dependencies = (
				37C650D92999A089006032C1 /* PBXTargetDependency */,
			);
			name = RentFreeAppUITests;
			productName = RentFreeAppUITests;
			productReference = 37C650D72999A089006032C1 /* RentFreeAppUITests.xctest */;
			productType = "com.apple.product-type.bundle.ui-testing";
		};
/* End PBXNativeTarget section */

/* Begin PBXProject section */
		37C650B52999A088006032C1 /* Project object */ = {
			isa = PBXProject;
			attributes = {
				BuildIndependentTargetsInParallel = 1;
				LastSwiftUpdateCheck = 1420;
				LastUpgradeCheck = 1420;
				TargetAttributes = {
					37C650BC2999A088006032C1 = {
						CreatedOnToolsVersion = 14.2;
					};
					37C650CC2999A089006032C1 = {
						CreatedOnToolsVersion = 14.2;
						TestTargetID = 37C650BC2999A088006032C1;
					};
					37C650D62999A089006032C1 = {
						CreatedOnToolsVersion = 14.2;
						TestTargetID = 37C650BC2999A088006032C1;
					};
				};
			};
			buildConfigurationList = 37C650B82999A088006032C1 /* Build configuration list for PBXProject "RentFreeApp" */;
			compatibilityVersion = "Xcode 14.0";
			developmentRegion = en;
			hasScannedForEncodings = 0;
			knownRegions = (
				en,
				Base,
			);
			mainGroup = 37C650B42999A088006032C1;
			productRefGroup = 37C650BE2999A088006032C1 /* Products */;
			projectDirPath = "";
			projectRoot = "";
			targets = (
				37C650BC2999A088006032C1 /* RentFreeApp */,
				37C650CC2999A089006032C1 /* RentFreeAppTests */,
				37C650D62999A089006032C1 /* RentFreeAppUITests */,
			);
		};
/* End PBXProject section */

/* Begin PBXResourcesBuildPhase section */
		37C650BB2999A088006032C1 /* Resources */ = {
			isa = PBXResourcesBuildPhase;
			buildActionMask = 2147483647;
			files = (
				37C650C82999A089006032C1 /* Preview Assets.xcassets in Resources */,
				37C650C52999A089006032C1 /* Assets.xcassets in Resources */,
			);
			runOnlyForDeploymentPostprocessing = 0;
		};
		37C650CB2999A089006032C1 /* Resources */ = {
			isa = PBXResourcesBuildPhase;
			buildActionMask = 2147483647;
			files = (
			);
			runOnlyForDeploymentPostprocessing = 0;
		};
		37C650D52999A089006032C1 /* Resources */ = {
			isa = PBXResourcesBuildPhase;
			buildActionMask = 2147483647;
			files = (
			);
			runOnlyForDeploymentPostprocessing = 0;
		};
/* End PBXResourcesBuildPhase section */

/* Begin PBXSourcesBuildPhase section */
		37C650B92999A088006032C1 /* Sources */ = {
			isa = PBXSourcesBuildPhase;
			buildActionMask = 2147483647;
			files = (
				37C650C32999A088006032C1 /* Search.swift in Sources */,
				373A43D2299B1141004A2685 /* MapView.swift in Sources */,
				37C650C12999A088006032C1 /* RentFreeAppApp.swift in Sources */,
				373A43D6299C40CC004A2685 /* Landmark.swift in Sources */,
			);
			runOnlyForDeploymentPostprocessing = 0;
		};
		37C650C92999A089006032C1 /* Sources */ = {
			isa = PBXSourcesBuildPhase;
			buildActionMask = 2147483647;
			files = (
				37C650D22999A089006032C1 /* RentFreeAppTests.swift in Sources */,
			);
			runOnlyForDeploymentPostprocessing = 0;
		};
		37C650D32999A089006032C1 /* Sources */ = {
			isa = PBXSourcesBuildPhase;
			buildActionMask = 2147483647;
			files = (
				37C650DC2999A089006032C1 /* RentFreeAppUITests.swift in Sources */,
				37C650DE2999A089006032C1 /* RentFreeAppUITestsLaunchTests.swift in Sources */,
			);
			runOnlyForDeploymentPostprocessing = 0;
		};
/* End PBXSourcesBuildPhase section */

/* Begin PBXTargetDependency section */
		37C650CF2999A089006032C1 /* PBXTargetDependency */ = {
			isa = PBXTargetDependency;
			target = 37C650BC2999A088006032C1 /* RentFreeApp */;
			targetProxy = 37C650CE2999A089006032C1 /* PBXContainerItemProxy */;
		};
		37C650D92999A089006032C1 /* PBXTargetDependency */ = {
			isa = PBXTargetDependency;
			target = 37C650BC2999A088006032C1 /* RentFreeApp */;
			targetProxy = 37C650D82999A089006032C1 /* PBXContainerItemProxy */;
		};
/* End PBXTargetDependency section */

/* Begin XCBuildConfiguration section */
		37C650DF2999A089006032C1 /* Debug */ = {
			isa = XCBuildConfiguration;
			buildSettings = {
				ALWAYS_SEARCH_USER_PATHS = NO;
				CLANG_ANALYZER_NONNULL = YES;
				CLANG_ANALYZER_NUMBER_OBJECT_CONVERSION = YES_AGGRESSIVE;
				CLANG_CXX_LANGUAGE_STANDARD = "gnu++20";
				CLANG_ENABLE_MODULES = YES;
				CLANG_ENABLE_OBJC_ARC = YES;
				CLANG_ENABLE_OBJC_WEAK = YES;
				CLANG_WARN_BLOCK_CAPTURE_AUTORELEASING = YES;
				CLANG_WARN_BOOL_CONVERSION = YES;
				CLANG_WARN_COMMA = YES;
				CLANG_WARN_CONSTANT_CONVERSION = YES;
				CLANG_WARN_DEPRECATED_OBJC_IMPLEMENTATIONS = YES;
				CLANG_WARN_DIRECT_OBJC_ISA_USAGE = YES_ERROR;
				CLANG_WARN_DOCUMENTATION_COMMENTS = YES;
				CLANG_WARN_EMPTY_BODY = YES;
				CLANG_WARN_ENUM_CONVERSION = YES;
				CLANG_WARN_INFINITE_RECURSION = YES;
				CLANG_WARN_INT_CONVERSION = YES;
				CLANG_WARN_NON_LITERAL_NULL_CONVERSION = YES;
				CLANG_WARN_OBJC_IMPLICIT_RETAIN_SELF = YES;
				CLANG_WARN_OBJC_LITERAL_CONVERSION = YES;
				CLANG_WARN_OBJC_ROOT_CLASS = YES_ERROR;
				CLANG_WARN_QUOTED_INCLUDE_IN_FRAMEWORK_HEADER = YES;
				CLANG_WARN_RANGE_LOOP_ANALYSIS = YES;
				CLANG_WARN_STRICT_PROTOTYPES = YES;
				CLANG_WARN_SUSPICIOUS_MOVE = YES;
				CLANG_WARN_UNGUARDED_AVAILABILITY = YES_AGGRESSIVE;
				CLANG_WARN_UNREACHABLE_CODE = YES;
				CLANG_WARN__DUPLICATE_METHOD_MATCH = YES;
				COPY_PHASE_STRIP = NO;
				DEBUG_INFORMATION_FORMAT = dwarf;
				ENABLE_STRICT_OBJC_MSGSEND = YES;
				ENABLE_TESTABILITY = YES;
				GCC_C_LANGUAGE_STANDARD = gnu11;
				GCC_DYNAMIC_NO_PIC = NO;
				GCC_NO_COMMON_BLOCKS = YES;
				GCC_OPTIMIZATION_LEVEL = 0;
				GCC_PREPROCESSOR_DEFINITIONS = (
					"DEBUG=1",
					"$(inherited)",
				);
				GCC_WARN_64_TO_32_BIT_CONVERSION = YES;
				GCC_WARN_ABOUT_RETURN_TYPE = YES_ERROR;
				GCC_WARN_UNDECLARED_SELECTOR = YES;
				GCC_WARN_UNINITIALIZED_AUTOS = YES_AGGRESSIVE;
				GCC_WARN_UNUSED_FUNCTION = YES;
				GCC_WARN_UNUSED_VARIABLE = YES;
				IPHONEOS_DEPLOYMENT_TARGET = 16.2;
				MTL_ENABLE_DEBUG_INFO = INCLUDE_SOURCE;
				MTL_FAST_MATH = YES;
				ONLY_ACTIVE_ARCH = YES;
				SDKROOT = iphoneos;
				SWIFT_ACTIVE_COMPILATION_CONDITIONS = DEBUG;
				SWIFT_OPTIMIZATION_LEVEL = "-Onone";
			};
			name = Debug;
		};
		37C650E02999A089006032C1 /* Release */ = {
			isa = XCBuildConfiguration;
			buildSettings = {
				ALWAYS_SEARCH_USER_PATHS = NO;
				CLANG_ANALYZER_NONNULL = YES;
				CLANG_ANALYZER_NUMBER_OBJECT_CONVERSION = YES_AGGRESSIVE;
				CLANG_CXX_LANGUAGE_STANDARD = "gnu++20";
				CLANG_ENABLE_MODULES = YES;
				CLANG_ENABLE_OBJC_ARC = YES;
				CLANG_ENABLE_OBJC_WEAK = YES;
				CLANG_WARN_BLOCK_CAPTURE_AUTORELEASING = YES;
				CLANG_WARN_BOOL_CONVERSION = YES;
				CLANG_WARN_COMMA = YES;
				CLANG_WARN_CONSTANT_CONVERSION = YES;
				CLANG_WARN_DEPRECATED_OBJC_IMPLEMENTATIONS = YES;
				CLANG_WARN_DIRECT_OBJC_ISA_USAGE = YES_ERROR;
				CLANG_WARN_DOCUMENTATION_COMMENTS = YES;
				CLANG_WARN_EMPTY_BODY = YES;
				CLANG_WARN_ENUM_CONVERSION = YES;
				CLANG_WARN_INFINITE_RECURSION = YES;
				CLANG_WARN_INT_CONVERSION = YES;
				CLANG_WARN_NON_LITERAL_NULL_CONVERSION = YES;
				CLANG_WARN_OBJC_IMPLICIT_RETAIN_SELF = YES;
				CLANG_WARN_OBJC_LITERAL_CONVERSION = YES;
				CLANG_WARN_OBJC_ROOT_CLASS = YES_ERROR;
				CLANG_WARN_QUOTED_INCLUDE_IN_FRAMEWORK_HEADER = YES;
				CLANG_WARN_RANGE_LOOP_ANALYSIS = YES;
				CLANG_WARN_STRICT_PROTOTYPES = YES;
				CLANG_WARN_SUSPICIOUS_MOVE = YES;
				CLANG_WARN_UNGUARDED_AVAILABILITY = YES_AGGRESSIVE;
				CLANG_WARN_UNREACHABLE_CODE = YES;
				CLANG_WARN__DUPLICATE_METHOD_MATCH = YES;
				COPY_PHASE_STRIP = NO;
				DEBUG_INFORMATION_FORMAT = "dwarf-with-dsym";
				ENABLE_NS_ASSERTIONS = NO;
				ENABLE_STRICT_OBJC_MSGSEND = YES;
				GCC_C_LANGUAGE_STANDARD = gnu11;
				GCC_NO_COMMON_BLOCKS = YES;
				GCC_WARN_64_TO_32_BIT_CONVERSION = YES;
				GCC_WARN_ABOUT_RETURN_TYPE = YES_ERROR;
				GCC_WARN_UNDECLARED_SELECTOR = YES;
				GCC_WARN_UNINITIALIZED_AUTOS = YES_AGGRESSIVE;
				GCC_WARN_UNUSED_FUNCTION = YES;
				GCC_WARN_UNUSED_VARIABLE = YES;
				IPHONEOS_DEPLOYMENT_TARGET = 16.2;
				MTL_ENABLE_DEBUG_INFO = NO;
				MTL_FAST_MATH = YES;
				SDKROOT = iphoneos;
				SWIFT_COMPILATION_MODE = wholemodule;
				SWIFT_OPTIMIZATION_LEVEL = "-O";
				VALIDATE_PRODUCT = YES;
			};
			name = Release;
		};
		37C650E22999A089006032C1 /* Debug */ = {
			isa = XCBuildConfiguration;
			buildSettings = {
				ASSETCATALOG_COMPILER_APPICON_NAME = AppIcon;
				ASSETCATALOG_COMPILER_GLOBAL_ACCENT_COLOR_NAME = AccentColor;
				CODE_SIGN_STYLE = Automatic;
				CURRENT_PROJECT_VERSION = 1;
				DEVELOPMENT_ASSET_PATHS = "\"RentFreeApp/Preview Content\"";
				DEVELOPMENT_TEAM = NG6D528X8V;
				ENABLE_PREVIEWS = YES;
				GENERATE_INFOPLIST_FILE = YES;
				INFOPLIST_KEY_UIApplicationSceneManifest_Generation = YES;
				INFOPLIST_KEY_UIApplicationSupportsIndirectInputEvents = YES;
				INFOPLIST_KEY_UILaunchScreen_Generation = YES;
				INFOPLIST_KEY_UISupportedInterfaceOrientations_iPad = "UIInterfaceOrientationPortrait UIInterfaceOrientationPortraitUpsideDown UIInterfaceOrientationLandscapeLeft UIInterfaceOrientationLandscapeRight";
				INFOPLIST_KEY_UISupportedInterfaceOrientations_iPhone = "UIInterfaceOrientationPortrait UIInterfaceOrientationLandscapeLeft UIInterfaceOrientationLandscapeRight";
				LD_RUNPATH_SEARCH_PATHS = (
					"$(inherited)",
					"@executable_path/Frameworks",
				);
				MARKETING_VERSION = 1.0;
				PRODUCT_BUNDLE_IDENTIFIER = au.edu.uts.RentFreeApp;
				PRODUCT_NAME = "$(TARGET_NAME)";
				SWIFT_EMIT_LOC_STRINGS = YES;
				SWIFT_VERSION = 5.0;
				TARGETED_DEVICE_FAMILY = "1,2";
			};
			name = Debug;
		};
		37C650E32999A089006032C1 /* Release */ = {
			isa = XCBuildConfiguration;
			buildSettings = {
				ASSETCATALOG_COMPILER_APPICON_NAME = AppIcon;
				ASSETCATALOG_COMPILER_GLOBAL_ACCENT_COLOR_NAME = AccentColor;
				CODE_SIGN_STYLE = Automatic;
				CURRENT_PROJECT_VERSION = 1;
				DEVELOPMENT_ASSET_PATHS = "\"RentFreeApp/Preview Content\"";
				DEVELOPMENT_TEAM = NG6D528X8V;
				ENABLE_PREVIEWS = YES;
				GENERATE_INFOPLIST_FILE = YES;
				INFOPLIST_KEY_UIApplicationSceneManifest_Generation = YES;
				INFOPLIST_KEY_UIApplicationSupportsIndirectInputEvents = YES;
				INFOPLIST_KEY_UILaunchScreen_Generation = YES;
				INFOPLIST_KEY_UISupportedInterfaceOrientations_iPad = "UIInterfaceOrientationPortrait UIInterfaceOrientationPortraitUpsideDown UIInterfaceOrientationLandscapeLeft UIInterfaceOrientationLandscapeRight";
				INFOPLIST_KEY_UISupportedInterfaceOrientations_iPhone = "UIInterfaceOrientationPortrait UIInterfaceOrientationLandscapeLeft UIInterfaceOrientationLandscapeRight";
				LD_RUNPATH_SEARCH_PATHS = (
					"$(inherited)",
					"@executable_path/Frameworks",
				);
				MARKETING_VERSION = 1.0;
				PRODUCT_BUNDLE_IDENTIFIER = au.edu.uts.RentFreeApp;
				PRODUCT_NAME = "$(TARGET_NAME)";
				SWIFT_EMIT_LOC_STRINGS = YES;
				SWIFT_VERSION = 5.0;
				TARGETED_DEVICE_FAMILY = "1,2";
			};
			name = Release;
		};
		37C650E52999A089006032C1 /* Debug */ = {
			isa = XCBuildConfiguration;
			buildSettings = {
				ALWAYS_EMBED_SWIFT_STANDARD_LIBRARIES = YES;
				BUNDLE_LOADER = "$(TEST_HOST)";
				CODE_SIGN_STYLE = Automatic;
				CURRENT_PROJECT_VERSION = 1;
				DEVELOPMENT_TEAM = NG6D528X8V;
				GENERATE_INFOPLIST_FILE = YES;
				IPHONEOS_DEPLOYMENT_TARGET = 16.2;
				MARKETING_VERSION = 1.0;
				PRODUCT_BUNDLE_IDENTIFIER = au.edu.uts.RentFreeAppTests;
				PRODUCT_NAME = "$(TARGET_NAME)";
				SWIFT_EMIT_LOC_STRINGS = NO;
				SWIFT_VERSION = 5.0;
				TARGETED_DEVICE_FAMILY = "1,2";
				TEST_HOST = "$(BUILT_PRODUCTS_DIR)/RentFreeApp.app/$(BUNDLE_EXECUTABLE_FOLDER_PATH)/RentFreeApp";
			};
			name = Debug;
		};
		37C650E62999A089006032C1 /* Release */ = {
			isa = XCBuildConfiguration;
			buildSettings = {
				ALWAYS_EMBED_SWIFT_STANDARD_LIBRARIES = YES;
				BUNDLE_LOADER = "$(TEST_HOST)";
				CODE_SIGN_STYLE = Automatic;
				CURRENT_PROJECT_VERSION = 1;
				DEVELOPMENT_TEAM = NG6D528X8V;
				GENERATE_INFOPLIST_FILE = YES;
				IPHONEOS_DEPLOYMENT_TARGET = 16.2;
				MARKETING_VERSION = 1.0;
				PRODUCT_BUNDLE_IDENTIFIER = au.edu.uts.RentFreeAppTests;
				PRODUCT_NAME = "$(TARGET_NAME)";
				SWIFT_EMIT_LOC_STRINGS = NO;
				SWIFT_VERSION = 5.0;
				TARGETED_DEVICE_FAMILY = "1,2";
				TEST_HOST = "$(BUILT_PRODUCTS_DIR)/RentFreeApp.app/$(BUNDLE_EXECUTABLE_FOLDER_PATH)/RentFreeApp";
			};
			name = Release;
		};
		37C650E82999A089006032C1 /* Debug */ = {
			isa = XCBuildConfiguration;
			buildSettings = {
				ALWAYS_EMBED_SWIFT_STANDARD_LIBRARIES = YES;
				CODE_SIGN_STYLE = Automatic;
				CURRENT_PROJECT_VERSION = 1;
				DEVELOPMENT_TEAM = NG6D528X8V;
				GENERATE_INFOPLIST_FILE = YES;
				MARKETING_VERSION = 1.0;
				PRODUCT_BUNDLE_IDENTIFIER = au.edu.uts.RentFreeAppUITests;
				PRODUCT_NAME = "$(TARGET_NAME)";
				SWIFT_EMIT_LOC_STRINGS = NO;
				SWIFT_VERSION = 5.0;
				TARGETED_DEVICE_FAMILY = "1,2";
				TEST_TARGET_NAME = RentFreeApp;
			};
			name = Debug;
		};
		37C650E92999A089006032C1 /* Release */ = {
			isa = XCBuildConfiguration;
			buildSettings = {
				ALWAYS_EMBED_SWIFT_STANDARD_LIBRARIES = YES;
				CODE_SIGN_STYLE = Automatic;
				CURRENT_PROJECT_VERSION = 1;
				DEVELOPMENT_TEAM = NG6D528X8V;
				GENERATE_INFOPLIST_FILE = YES;
				MARKETING_VERSION = 1.0;
				PRODUCT_BUNDLE_IDENTIFIER = au.edu.uts.RentFreeAppUITests;
				PRODUCT_NAME = "$(TARGET_NAME)";
				SWIFT_EMIT_LOC_STRINGS = NO;
				SWIFT_VERSION = 5.0;
				TARGETED_DEVICE_FAMILY = "1,2";
				TEST_TARGET_NAME = RentFreeApp;
			};
			name = Release;
		};
/* End XCBuildConfiguration section */

/* Begin XCConfigurationList section */
		37C650B82999A088006032C1 /* Build configuration list for PBXProject "RentFreeApp" */ = {
			isa = XCConfigurationList;
			buildConfigurations = (
				37C650DF2999A089006032C1 /* Debug */,
				37C650E02999A089006032C1 /* Release */,
			);
			defaultConfigurationIsVisible = 0;
			defaultConfigurationName = Release;
		};
		37C650E12999A089006032C1 /* Build configuration list for PBXNativeTarget "RentFreeApp" */ = {
			isa = XCConfigurationList;
			buildConfigurations = (
				37C650E22999A089006032C1 /* Debug */,
				37C650E32999A089006032C1 /* Release */,
			);
			defaultConfigurationIsVisible = 0;
			defaultConfigurationName = Release;
		};
		37C650E42999A089006032C1 /* Build configuration list for PBXNativeTarget "RentFreeAppTests" */ = {
			isa = XCConfigurationList;
			buildConfigurations = (
				37C650E52999A089006032C1 /* Debug */,
				37C650E62999A089006032C1 /* Release */,
			);
			defaultConfigurationIsVisible = 0;
			defaultConfigurationName = Release;
		};
		37C650E72999A089006032C1 /* Build configuration list for PBXNativeTarget "RentFreeAppUITests" */ = {
			isa = XCConfigurationList;
			buildConfigurations = (
				37C650E82999A089006032C1 /* Debug */,
				37C650E92999A089006032C1 /* Release */,
			);
			defaultConfigurationIsVisible = 0;
			defaultConfigurationName = Release;
		};
/* End XCConfigurationList section */
	};
	rootObject = 37C650B52999A088006032C1 /* Project object */;
}
